PODS:
  - ArsDashFunction (0.0.1)
  - ArsScale (0.1.0):
    - ArsDashFunction (~> 0.0.1)
  - DARecycledScrollView (1.0.2)

DEPENDENCIES:
  - ArsScale (from `https://github.com/azu/ArsScale.git`)
  - DARecycledScrollView

EXTERNAL SOURCES:
  ArsScale:
    :git: https://github.com/azu/ArsScale.git

SPEC CHECKSUMS:
  ArsDashFunction: 0e4923f8fd46ba6935c83cf561af9340ee50b84a
  ArsScale: db64ea541362211b24ef2b7b2705756fed020ef9
  DARecycledScrollView: b5a522916eb7e06a331bd05351e9c4a3b897760e

COCOAPODS: 0.29.0
